
Microsoft Visual Studio Solution File, Format Version 12.00
# Visual Studio Version 17
VisualStudioVersion = 17.7.34202.233
MinimumVisualStudioVersion = 10.0.40219.1
Project("{FAE04EC0-301F-11D3-BF4B-00C04F79EFBC}") = "zadaniaTemat1", "zadaniaTemat1.csproj", "{EFB61A59-87FB-49BD-B9AC-06AC9096A58C}"
EndProject
Global
	GlobalSection(SolutionConfigurationPlatforms) = preSolution
		Debug|Any CPU = Debug|Any CPU
		Release|Any CPU = Release|Any CPU
	EndGlobalSection
	GlobalSection(ProjectConfigurationPlatforms) = postSolution
		{EFB61A59-87FB-49BD-B9AC-06AC9096A58C}.Debug|Any CPU.ActiveCfg = Debug|Any CPU
		{EFB61A59-87FB-49BD-B9AC-06AC9096A58C}.Debug|Any CPU.Build.0 = Debug|Any CPU
		{EFB61A59-87FB-49BD-B9AC-06AC9096A58C}.Release|Any CPU.ActiveCfg = Release|Any CPU
		{EFB61A59-87FB-49BD-B9AC-06AC9096A58C}.Release|Any CPU.Build.0 = Release|Any CPU
	EndGlobalSection
	GlobalSection(SolutionProperties) = preSolution
		HideSolutionNode = FALSE
	EndGlobalSection
	GlobalSection(ExtensibilityGlobals) = postSolution
		SolutionGuid = {960166AA-152D-459B-9940-442BA7295886}
	EndGlobalSection
EndGlobal
